// !$*UTF8*$!
{
	archiveVersion = 1;
	classes = {
	};
	objectVersion = 50;
	objects = {

/* Begin PBXBuildFile section */
		216D782B21E6130B00537A5B /* RFResponderCell2.m in Sources */ = {isa = PBXBuildFile; fileRef = 216D782A21E6130B00537A5B /* RFResponderCell2.m */; };
		216D782E21E6189300537A5B /* NetWork.m in Sources */ = {isa = PBXBuildFile; fileRef = 216D782D21E6189300537A5B /* NetWork.m */; };
		216D783121E61A4400537A5B /* LikeModel.m in Sources */ = {isa = PBXBuildFile; fileRef = 216D783021E61A4400537A5B /* LikeModel.m */; };
		216D783421E61A7E00537A5B /* LikeCellPresent.m in Sources */ = {isa = PBXBuildFile; fileRef = 216D783321E61A7E00537A5B /* LikeCellPresent.m */; };
		216DD1A221E3479F006D6207 /* ViewControllerA.m in Sources */ = {isa = PBXBuildFile; fileRef = 216DD1A121E3479F006D6207 /* ViewControllerA.m */; };
		216DD1A621E34B07006D6207 /* RFEventView.m in Sources */ = {isa = PBXBuildFile; fileRef = 216DD1A521E34B07006D6207 /* RFEventView.m */; };
		216DD1AB21E37630006D6207 /* CustomButton.m in Sources */ = {isa = PBXBuildFile; fileRef = 216DD1AA21E37630006D6207 /* CustomButton.m */; };
		216DD1AE21E37673006D6207 /* CustomButtonViewController.m in Sources */ = {isa = PBXBuildFile; fileRef = 216DD1AD21E37673006D6207 /* CustomButtonViewController.m */; };
		216DD1B221E42F0F006D6207 /* TwoViewViewController.m in Sources */ = {isa = PBXBuildFile; fileRef = 216DD1B121E42F0F006D6207 /* TwoViewViewController.m */; };
		216DD1B521E42F22006D6207 /* RFViewA.m in Sources */ = {isa = PBXBuildFile; fileRef = 216DD1B421E42F22006D6207 /* RFViewA.m */; };
		216DD1B821E42F3A006D6207 /* RFViewB.m in Sources */ = {isa = PBXBuildFile; fileRef = 216DD1B721E42F3A006D6207 /* RFViewB.m */; };
		216DD1C021E4700D006D6207 /* RFNORespondeStatusViewController.m in Sources */ = {isa = PBXBuildFile; fileRef = 216DD1BF21E4700D006D6207 /* RFNORespondeStatusViewController.m */; };
		216DD1C321E47038006D6207 /* RFLabel.m in Sources */ = {isa = PBXBuildFile; fileRef = 216DD1C221E47038006D6207 /* RFLabel.m */; };
		216DD1CE21E58372006D6207 /* ResponderChainUEViewController.m in Sources */ = {isa = PBXBuildFile; fileRef = 216DD1CD21E58372006D6207 /* ResponderChainUEViewController.m */; };
		21E59FA721339DF100B27F5C /* AppDelegate.m in Sources */ = {isa = PBXBuildFile; fileRef = 21E59FA621339DF100B27F5C /* AppDelegate.m */; };
		21E59FAA21339DF100B27F5C /* ViewController.m in Sources */ = {isa = PBXBuildFile; fileRef = 21E59FA921339DF100B27F5C /* ViewController.m */; };
		21E59FAD21339DF100B27F5C /* Main.storyboard in Resources */ = {isa = PBXBuildFile; fileRef = 21E59FAB21339DF100B27F5C /* Main.storyboard */; };
		21E59FB021339DF100B27F5C /* UIResponderRouterDemo.xcdatamodeld in Sources */ = {isa = PBXBuildFile; fileRef = 21E59FAE21339DF100B27F5C /* UIResponderRouterDemo.xcdatamodeld */; };
		21E59FB221339DF300B27F5C /* Assets.xcassets in Resources */ = {isa = PBXBuildFile; fileRef = 21E59FB121339DF300B27F5C /* Assets.xcassets */; };
		21E59FB521339DF300B27F5C /* LaunchScreen.storyboard in Resources */ = {isa = PBXBuildFile; fileRef = 21E59FB321339DF300B27F5C /* LaunchScreen.storyboard */; };
		21E59FB821339DF300B27F5C /* main.m in Sources */ = {isa = PBXBuildFile; fileRef = 21E59FB721339DF300B27F5C /* main.m */; };
		21E59FC221339DF300B27F5C /* UIResponderRouterDemoTests.m in Sources */ = {isa = PBXBuildFile; fileRef = 21E59FC121339DF300B27F5C /* UIResponderRouterDemoTests.m */; };
		21E59FCD21339DF300B27F5C /* UIResponderRouterDemoUITests.m in Sources */ = {isa = PBXBuildFile; fileRef = 21E59FCC21339DF300B27F5C /* UIResponderRouterDemoUITests.m */; };
		21E59FDC21339E2A00B27F5C /* UIResponder+Router.m in Sources */ = {isa = PBXBuildFile; fileRef = 21E59FDB21339E2A00B27F5C /* UIResponder+Router.m */; };
		21E59FDF21339ED300B27F5C /* RFResponderCell.m in Sources */ = {isa = PBXBuildFile; fileRef = 21E59FDE21339ED300B27F5C /* RFResponderCell.m */; };
		21E59FE62133A3F300B27F5C /* RFEventProxy.m in Sources */ = {isa = PBXBuildFile; fileRef = 21E59FE52133A3F300B27F5C /* RFEventProxy.m */; };
		21E59FED2133CF2300B27F5C /* ResponderChainName.m in Sources */ = {isa = PBXBuildFile; fileRef = 21E59FEC2133CF2300B27F5C /* ResponderChainName.m */; };
		21E59FF02133E30200B27F5C /* RFHeaderView.m in Sources */ = {isa = PBXBuildFile; fileRef = 21E59FEF2133E30200B27F5C /* RFHeaderView.m */; };
		9235ADEE183D4471D9FE1102 /* libPods-UIResponderRouterDemoTests.a in Frameworks */ = {isa = PBXBuildFile; fileRef = 62E47B9E1B299E45072FCA79 /* libPods-UIResponderRouterDemoTests.a */; };
		ABDD63392836AFB1A380C682 /* libPods-UIResponderRouterDemoUITests.a in Frameworks */ = {isa = PBXBuildFile; fileRef = BBA69E7D9A8EFA76A884182A /* libPods-UIResponderRouterDemoUITests.a */; };
		AC7BD7570017B98A66449BE1 /* libPods-UIResponderRouterDemo.a in Frameworks */ = {isa = PBXBuildFile; fileRef = 2EC46546E93029A169D8DCF4 /* libPods-UIResponderRouterDemo.a */; };
/* End PBXBuildFile section */

/* Begin PBXContainerItemProxy section */
		21E59FBE21339DF300B27F5C /* PBXContainerItemProxy */ = {
			isa = PBXContainerItemProxy;
			containerPortal = 21E59F9A21339DF100B27F5C /* Project object */;
			proxyType = 1;
			remoteGlobalIDString = 21E59FA121339DF100B27F5C;
			remoteInfo = UIResponderRouterDemo;
		};
		21E59FC921339DF300B27F5C /* PBXContainerItemProxy */ = {
			isa = PBXContainerItemProxy;
			containerPortal = 21E59F9A21339DF100B27F5C /* Project object */;
			proxyType = 1;
			remoteGlobalIDString = 21E59FA121339DF100B27F5C;
			remoteInfo = UIResponderRouterDemo;
		};
/* End PBXContainerItemProxy section */

/* Begin PBXFileReference section */
		216D782921E6130B00537A5B /* RFResponderCell2.h */ = {isa = PBXFileReference; lastKnownFileType = sourcecode.c.h; path = RFResponderCell2.h; sourceTree = "<group>"; };
		216D782A21E6130B00537A5B /* RFResponderCell2.m */ = {isa = PBXFileReference; lastKnownFileType = sourcecode.c.objc; path = RFResponderCell2.m; sourceTree = "<group>"; };
		216D782C21E6189300537A5B /* NetWork.h */ = {isa = PBXFileReference; lastKnownFileType = sourcecode.c.h; path = NetWork.h; sourceTree = "<group>"; };
		216D782D21E6189300537A5B /* NetWork.m */ = {isa = PBXFileReference; lastKnownFileType = sourcecode.c.objc; path = NetWork.m; sourceTree = "<group>"; };
		216D782F21E61A4400537A5B /* LikeModel.h */ = {isa = PBXFileReference; lastKnownFileType = sourcecode.c.h; path = LikeModel.h; sourceTree = "<group>"; };
		216D783021E61A4400537A5B /* LikeModel.m */ = {isa = PBXFileReference; lastKnownFileType = sourcecode.c.objc; path = LikeModel.m; sourceTree = "<group>"; };
		216D783221E61A7E00537A5B /* LikeCellPresent.h */ = {isa = PBXFileReference; lastKnownFileType = sourcecode.c.h; path = LikeCellPresent.h; sourceTree = "<group>"; };
		216D783321E61A7E00537A5B /* LikeCellPresent.m */ = {isa = PBXFileReference; lastKnownFileType = sourcecode.c.objc; path = LikeCellPresent.m; sourceTree = "<group>"; };
		216DD1A021E3479F006D6207 /* ViewControllerA.h */ = {isa = PBXFileReference; lastKnownFileType = sourcecode.c.h; path = ViewControllerA.h; sourceTree = "<group>"; };
		216DD1A121E3479F006D6207 /* ViewControllerA.m */ = {isa = PBXFileReference; lastKnownFileType = sourcecode.c.objc; path = ViewControllerA.m; sourceTree = "<group>"; };
		216DD1A421E34B07006D6207 /* RFEventView.h */ = {isa = PBXFileReference; lastKnownFileType = sourcecode.c.h; path = RFEventView.h; sourceTree = "<group>"; };
		216DD1A521E34B07006D6207 /* RFEventView.m */ = {isa = PBXFileReference; lastKnownFileType = sourcecode.c.objc; path = RFEventView.m; sourceTree = "<group>"; };
		216DD1A921E37630006D6207 /* CustomButton.h */ = {isa = PBXFileReference; lastKnownFileType = sourcecode.c.h; path = CustomButton.h; sourceTree = "<group>"; };
		216DD1AA21E37630006D6207 /* CustomButton.m */ = {isa = PBXFileReference; lastKnownFileType = sourcecode.c.objc; path = CustomButton.m; sourceTree = "<group>"; };
		216DD1AC21E37673006D6207 /* CustomButtonViewController.h */ = {isa = PBXFileReference; lastKnownFileType = sourcecode.c.h; path = CustomButtonViewController.h; sourceTree = "<group>"; };
		216DD1AD21E37673006D6207 /* CustomButtonViewController.m */ = {isa = PBXFileReference; lastKnownFileType = sourcecode.c.objc; path = CustomButtonViewController.m; sourceTree = "<group>"; };
		216DD1B021E42F0F006D6207 /* TwoViewViewController.h */ = {isa = PBXFileReference; lastKnownFileType = sourcecode.c.h; path = TwoViewViewController.h; sourceTree = "<group>"; };
		216DD1B121E42F0F006D6207 /* TwoViewViewController.m */ = {isa = PBXFileReference; lastKnownFileType = sourcecode.c.objc; path = TwoViewViewController.m; sourceTree = "<group>"; };
		216DD1B321E42F22006D6207 /* RFViewA.h */ = {isa = PBXFileReference; lastKnownFileType = sourcecode.c.h; path = RFViewA.h; sourceTree = "<group>"; };
		216DD1B421E42F22006D6207 /* RFViewA.m */ = {isa = PBXFileReference; lastKnownFileType = sourcecode.c.objc; path = RFViewA.m; sourceTree = "<group>"; };
		216DD1B621E42F3A006D6207 /* RFViewB.h */ = {isa = PBXFileReference; lastKnownFileType = sourcecode.c.h; path = RFViewB.h; sourceTree = "<group>"; };
		216DD1B721E42F3A006D6207 /* RFViewB.m */ = {isa = PBXFileReference; lastKnownFileType = sourcecode.c.objc; path = RFViewB.m; sourceTree = "<group>"; };
		216DD1BE21E4700D006D6207 /* RFNORespondeStatusViewController.h */ = {isa = PBXFileReference; lastKnownFileType = sourcecode.c.h; path = RFNORespondeStatusViewController.h; sourceTree = "<group>"; };
		216DD1BF21E4700D006D6207 /* RFNORespondeStatusViewController.m */ = {isa = PBXFileReference; lastKnownFileType = sourcecode.c.objc; path = RFNORespondeStatusViewController.m; sourceTree = "<group>"; };
		216DD1C121E47038006D6207 /* RFLabel.h */ = {isa = PBXFileReference; lastKnownFileType = sourcecode.c.h; path = RFLabel.h; sourceTree = "<group>"; };
		216DD1C221E47038006D6207 /* RFLabel.m */ = {isa = PBXFileReference; lastKnownFileType = sourcecode.c.objc; path = RFLabel.m; sourceTree = "<group>"; };
		216DD1CC21E58372006D6207 /* ResponderChainUEViewController.h */ = {isa = PBXFileReference; lastKnownFileType = sourcecode.c.h; path = ResponderChainUEViewController.h; sourceTree = "<group>"; };
		216DD1CD21E58372006D6207 /* ResponderChainUEViewController.m */ = {isa = PBXFileReference; lastKnownFileType = sourcecode.c.objc; path = ResponderChainUEViewController.m; sourceTree = "<group>"; };
		21E59FA221339DF100B27F5C /* UIResponderRouterDemo.app */ = {isa = PBXFileReference; explicitFileType = wrapper.application; includeInIndex = 0; path = UIResponderRouterDemo.app; sourceTree = BUILT_PRODUCTS_DIR; };
		21E59FA521339DF100B27F5C /* AppDelegate.h */ = {isa = PBXFileReference; lastKnownFileType = sourcecode.c.h; path = AppDelegate.h; sourceTree = "<group>"; };
		21E59FA621339DF100B27F5C /* AppDelegate.m */ = {isa = PBXFileReference; lastKnownFileType = sourcecode.c.objc; path = AppDelegate.m; sourceTree = "<group>"; };
		21E59FA821339DF100B27F5C /* ViewController.h */ = {isa = PBXFileReference; lastKnownFileType = sourcecode.c.h; path = ViewController.h; sourceTree = "<group>"; };
		21E59FA921339DF100B27F5C /* ViewController.m */ = {isa = PBXFileReference; lastKnownFileType = sourcecode.c.objc; path = ViewController.m; sourceTree = "<group>"; };
		21E59FAC21339DF100B27F5C /* Base */ = {isa = PBXFileReference; lastKnownFileType = file.storyboard; name = Base; path = Base.lproj/Main.storyboard; sourceTree = "<group>"; };
		21E59FAF21339DF100B27F5C /* UIResponderRouterDemo.xcdatamodel */ = {isa = PBXFileReference; lastKnownFileType = wrapper.xcdatamodel; path = UIResponderRouterDemo.xcdatamodel; sourceTree = "<group>"; };
		21E59FB121339DF300B27F5C /* Assets.xcassets */ = {isa = PBXFileReference; lastKnownFileType = folder.assetcatalog; path = Assets.xcassets; sourceTree = "<group>"; };
		21E59FB421339DF300B27F5C /* Base */ = {isa = PBXFileReference; lastKnownFileType = file.storyboard; name = Base; path = Base.lproj/LaunchScreen.storyboard; sourceTree = "<group>"; };
		21E59FB621339DF300B27F5C /* Info.plist */ = {isa = PBXFileReference; lastKnownFileType = text.plist.xml; path = Info.plist; sourceTree = "<group>"; };
		21E59FB721339DF300B27F5C /* main.m */ = {isa = PBXFileReference; lastKnownFileType = sourcecode.c.objc; path = main.m; sourceTree = "<group>"; };
		21E59FBD21339DF300B27F5C /* UIResponderRouterDemoTests.xctest */ = {isa = PBXFileReference; explicitFileType = wrapper.cfbundle; includeInIndex = 0; path = UIResponderRouterDemoTests.xctest; sourceTree = BUILT_PRODUCTS_DIR; };
		21E59FC121339DF300B27F5C /* UIResponderRouterDemoTests.m */ = {isa = PBXFileReference; lastKnownFileType = sourcecode.c.objc; path = UIResponderRouterDemoTests.m; sourceTree = "<group>"; };
		21E59FC321339DF300B27F5C /* Info.plist */ = {isa = PBXFileReference; lastKnownFileType = text.plist.xml; path = Info.plist; sourceTree = "<group>"; };
		21E59FC821339DF300B27F5C /* UIResponderRouterDemoUITests.xctest */ = {isa = PBXFileReference; explicitFileType = wrapper.cfbundle; includeInIndex = 0; path = UIResponderRouterDemoUITests.xctest; sourceTree = BUILT_PRODUCTS_DIR; };
		21E59FCC21339DF300B27F5C /* UIResponderRouterDemoUITests.m */ = {isa = PBXFileReference; lastKnownFileType = sourcecode.c.objc; path = UIResponderRouterDemoUITests.m; sourceTree = "<group>"; };
		21E59FCE21339DF300B27F5C /* Info.plist */ = {isa = PBXFileReference; lastKnownFileType = text.plist.xml; path = Info.plist; sourceTree = "<group>"; };
		21E59FDA21339E2A00B27F5C /* UIResponder+Router.h */ = {isa = PBXFileReference; lastKnownFileType = sourcecode.c.h; path = "UIResponder+Router.h"; sourceTree = "<group>"; };
		21E59FDB21339E2A00B27F5C /* UIResponder+Router.m */ = {isa = PBXFileReference; lastKnownFileType = sourcecode.c.objc; path = "UIResponder+Router.m"; sourceTree = "<group>"; };
		21E59FDD21339ED300B27F5C /* RFResponderCell.h */ = {isa = PBXFileReference; lastKnownFileType = sourcecode.c.h; path = RFResponderCell.h; sourceTree = "<group>"; };
		21E59FDE21339ED300B27F5C /* RFResponderCell.m */ = {isa = PBXFileReference; lastKnownFileType = sourcecode.c.objc; path = RFResponderCell.m; sourceTree = "<group>"; };
		21E59FE42133A3F300B27F5C /* RFEventProxy.h */ = {isa = PBXFileReference; lastKnownFileType = sourcecode.c.h; path = RFEventProxy.h; sourceTree = "<group>"; };
		21E59FE52133A3F300B27F5C /* RFEventProxy.m */ = {isa = PBXFileReference; lastKnownFileType = sourcecode.c.objc; path = RFEventProxy.m; sourceTree = "<group>"; };
		21E59FEB2133CF2300B27F5C /* ResponderChainName.h */ = {isa = PBXFileReference; lastKnownFileType = sourcecode.c.h; path = ResponderChainName.h; sourceTree = "<group>"; };
		21E59FEC2133CF2300B27F5C /* ResponderChainName.m */ = {isa = PBXFileReference; lastKnownFileType = sourcecode.c.objc; path = ResponderChainName.m; sourceTree = "<group>"; };
		21E59FEE2133E30200B27F5C /* RFHeaderView.h */ = {isa = PBXFileReference; lastKnownFileType = sourcecode.c.h; path = RFHeaderView.h; sourceTree = "<group>"; };
		21E59FEF2133E30200B27F5C /* RFHeaderView.m */ = {isa = PBXFileReference; lastKnownFileType = sourcecode.c.objc; path = RFHeaderView.m; sourceTree = "<group>"; };
		2767EBACDB68ACE1C6FAF2BA /* Pods-UIResponderRouterDemoUITests.release.xcconfig */ = {isa = PBXFileReference; includeInIndex = 1; lastKnownFileType = text.xcconfig; name = "Pods-UIResponderRouterDemoUITests.release.xcconfig"; path = "Pods/Target Support Files/Pods-UIResponderRouterDemoUITests/Pods-UIResponderRouterDemoUITests.release.xcconfig"; sourceTree = "<group>"; };
		2EC46546E93029A169D8DCF4 /* libPods-UIResponderRouterDemo.a */ = {isa = PBXFileReference; explicitFileType = archive.ar; includeInIndex = 0; path = "libPods-UIResponderRouterDemo.a"; sourceTree = BUILT_PRODUCTS_DIR; };
		62E47B9E1B299E45072FCA79 /* libPods-UIResponderRouterDemoTests.a */ = {isa = PBXFileReference; explicitFileType = archive.ar; includeInIndex = 0; path = "libPods-UIResponderRouterDemoTests.a"; sourceTree = BUILT_PRODUCTS_DIR; };
		6C71559EE47F05A08C1DCAAA /* Pods-UIResponderRouterDemoTests.debug.xcconfig */ = {isa = PBXFileReference; includeInIndex = 1; lastKnownFileType = text.xcconfig; name = "Pods-UIResponderRouterDemoTests.debug.xcconfig"; path = "Pods/Target Support Files/Pods-UIResponderRouterDemoTests/Pods-UIResponderRouterDemoTests.debug.xcconfig"; sourceTree = "<group>"; };
		81B62C47A64D5ABE7B081B0D /* Pods-UIResponderRouterDemoTests.release.xcconfig */ = {isa = PBXFileReference; includeInIndex = 1; lastKnownFileType = text.xcconfig; name = "Pods-UIResponderRouterDemoTests.release.xcconfig"; path = "Pods/Target Support Files/Pods-UIResponderRouterDemoTests/Pods-UIResponderRouterDemoTests.release.xcconfig"; sourceTree = "<group>"; };
		94041CD5BC89E19E6E8674FB /* Pods-UIResponderRouterDemoUITests.debug.xcconfig */ = {isa = PBXFileReference; includeInIndex = 1; lastKnownFileType = text.xcconfig; name = "Pods-UIResponderRouterDemoUITests.debug.xcconfig"; path = "Pods/Target Support Files/Pods-UIResponderRouterDemoUITests/Pods-UIResponderRouterDemoUITests.debug.xcconfig"; sourceTree = "<group>"; };
		AD996F730FF752BFB873F71C /* Pods-UIResponderRouterDemo.release.xcconfig */ = {isa = PBXFileReference; includeInIndex = 1; lastKnownFileType = text.xcconfig; name = "Pods-UIResponderRouterDemo.release.xcconfig"; path = "Pods/Target Support Files/Pods-UIResponderRouterDemo/Pods-UIResponderRouterDemo.release.xcconfig"; sourceTree = "<group>"; };
		BBA69E7D9A8EFA76A884182A /* libPods-UIResponderRouterDemoUITests.a */ = {isa = PBXFileReference; explicitFileType = archive.ar; includeInIndex = 0; path = "libPods-UIResponderRouterDemoUITests.a"; sourceTree = BUILT_PRODUCTS_DIR; };
		C25932D9C31CE11CA135DC58 /* Pods-UIResponderRouterDemo.debug.xcconfig */ = {isa = PBXFileReference; includeInIndex = 1; lastKnownFileType = text.xcconfig; name = "Pods-UIResponderRouterDemo.debug.xcconfig"; path = "Pods/Target Support Files/Pods-UIResponderRouterDemo/Pods-UIResponderRouterDemo.debug.xcconfig"; sourceTree = "<group>"; };
/* End PBXFileReference section */

/* Begin PBXFrameworksBuildPhase section */
		21E59F9F21339DF100B27F5C /* Frameworks */ = {
			isa = PBXFrameworksBuildPhase;
			buildActionMask = 2147483647;
			files = (
				AC7BD7570017B98A66449BE1 /* libPods-UIResponderRouterDemo.a in Frameworks */,
			);
			runOnlyForDeploymentPostprocessing = 0;
		};
		21E59FBA21339DF300B27F5C /* Frameworks */ = {
			isa = PBXFrameworksBuildPhase;
			buildActionMask = 2147483647;
			files = (
				9235ADEE183D4471D9FE1102 /* libPods-UIResponderRouterDemoTests.a in Frameworks */,
			);
			runOnlyForDeploymentPostprocessing = 0;
		};
		21E59FC521339DF300B27F5C /* Frameworks */ = {
			isa = PBXFrameworksBuildPhase;
			buildActionMask = 2147483647;
			files = (
				ABDD63392836AFB1A380C682 /* libPods-UIResponderRouterDemoUITests.a in Frameworks */,
			);
			runOnlyForDeploymentPostprocessing = 0;
		};
/* End PBXFrameworksBuildPhase section */

/* Begin PBXGroup section */
		216DD1A321E34AE1006D6207 /* type1 */ = {
			isa = PBXGroup;
			children = (
				216DD1A021E3479F006D6207 /* ViewControllerA.h */,
				216DD1A121E3479F006D6207 /* ViewControllerA.m */,
				216DD1A421E34B07006D6207 /* RFEventView.h */,
				216DD1A521E34B07006D6207 /* RFEventView.m */,
			);
			path = type1;
			sourceTree = "<group>";
		};
		216DD1A821E375F1006D6207 /* ResponderButton */ = {
			isa = PBXGroup;
			children = (
				216DD1A921E37630006D6207 /* CustomButton.h */,
				216DD1AA21E37630006D6207 /* CustomButton.m */,
				216DD1AC21E37673006D6207 /* CustomButtonViewController.h */,
				216DD1AD21E37673006D6207 /* CustomButtonViewController.m */,
			);
			path = ResponderButton;
			sourceTree = "<group>";
		};
		216DD1AF21E42EED006D6207 /* TwoView */ = {
			isa = PBXGroup;
			children = (
				216DD1B021E42F0F006D6207 /* TwoViewViewController.h */,
				216DD1B121E42F0F006D6207 /* TwoViewViewController.m */,
				216DD1B321E42F22006D6207 /* RFViewA.h */,
				216DD1B421E42F22006D6207 /* RFViewA.m */,
				216DD1B621E42F3A006D6207 /* RFViewB.h */,
				216DD1B721E42F3A006D6207 /* RFViewB.m */,
			);
			path = TwoView;
			sourceTree = "<group>";
		};
		216DD1BD21E46FC3006D6207 /* 视图不响应的情况 */ = {
			isa = PBXGroup;
			children = (
				216DD1BE21E4700D006D6207 /* RFNORespondeStatusViewController.h */,
				216DD1BF21E4700D006D6207 /* RFNORespondeStatusViewController.m */,
				216DD1C121E47038006D6207 /* RFLabel.h */,
				216DD1C221E47038006D6207 /* RFLabel.m */,
			);
			path = "视图不响应的情况";
			sourceTree = "<group>";
		};
		216DD1CB21E5831B006D6207 /* 响应链式交互 */ = {
			isa = PBXGroup;
			children = (
				216DD1CC21E58372006D6207 /* ResponderChainUEViewController.h */,
				216DD1CD21E58372006D6207 /* ResponderChainUEViewController.m */,
				216D782921E6130B00537A5B /* RFResponderCell2.h */,
				216D782A21E6130B00537A5B /* RFResponderCell2.m */,
				21E59FDD21339ED300B27F5C /* RFResponderCell.h */,
				21E59FDE21339ED300B27F5C /* RFResponderCell.m */,
				21E59FEE2133E30200B27F5C /* RFHeaderView.h */,
				21E59FEF2133E30200B27F5C /* RFHeaderView.m */,
				21E59FE42133A3F300B27F5C /* RFEventProxy.h */,
				21E59FE52133A3F300B27F5C /* RFEventProxy.m */,
				21E59FEB2133CF2300B27F5C /* ResponderChainName.h */,
				21E59FEC2133CF2300B27F5C /* ResponderChainName.m */,
				216D782C21E6189300537A5B /* NetWork.h */,
				216D782D21E6189300537A5B /* NetWork.m */,
				216D782F21E61A4400537A5B /* LikeModel.h */,
				216D783021E61A4400537A5B /* LikeModel.m */,
				216D783221E61A7E00537A5B /* LikeCellPresent.h */,
				216D783321E61A7E00537A5B /* LikeCellPresent.m */,
			);
			path = "响应链式交互";
			sourceTree = "<group>";
		};
		21E59F9921339DF100B27F5C = {
			isa = PBXGroup;
			children = (
				21E59FA421339DF100B27F5C /* UIResponderRouterDemo */,
				21E59FC021339DF300B27F5C /* UIResponderRouterDemoTests */,
				21E59FCB21339DF300B27F5C /* UIResponderRouterDemoUITests */,
				21E59FA321339DF100B27F5C /* Products */,
				93BE13F02D96BC10329B7CA3 /* Pods */,
				22E06B5D91592C7390437FD9 /* Frameworks */,
			);
			sourceTree = "<group>";
		};
		21E59FA321339DF100B27F5C /* Products */ = {
			isa = PBXGroup;
			children = (
				21E59FA221339DF100B27F5C /* UIResponderRouterDemo.app */,
				21E59FBD21339DF300B27F5C /* UIResponderRouterDemoTests.xctest */,
				21E59FC821339DF300B27F5C /* UIResponderRouterDemoUITests.xctest */,
			);
			name = Products;
			sourceTree = "<group>";
		};
		21E59FA421339DF100B27F5C /* UIResponderRouterDemo */ = {
			isa = PBXGroup;
			children = (
				21E59FA521339DF100B27F5C /* AppDelegate.h */,
				21E59FA621339DF100B27F5C /* AppDelegate.m */,
				21E59FA821339DF100B27F5C /* ViewController.h */,
				21E59FA921339DF100B27F5C /* ViewController.m */,
				21E59FDA21339E2A00B27F5C /* UIResponder+Router.h */,
				21E59FDB21339E2A00B27F5C /* UIResponder+Router.m */,
				216DD1CB21E5831B006D6207 /* 响应链式交互 */,
				216DD1BD21E46FC3006D6207 /* 视图不响应的情况 */,
				216DD1AF21E42EED006D6207 /* TwoView */,
				216DD1A821E375F1006D6207 /* ResponderButton */,
				216DD1A321E34AE1006D6207 /* type1 */,
				21E59FAB21339DF100B27F5C /* Main.storyboard */,
				21E59FB121339DF300B27F5C /* Assets.xcassets */,
				21E59FB321339DF300B27F5C /* LaunchScreen.storyboard */,
				21E59FB621339DF300B27F5C /* Info.plist */,
				21E59FB721339DF300B27F5C /* main.m */,
				21E59FAE21339DF100B27F5C /* UIResponderRouterDemo.xcdatamodeld */,
			);
			path = UIResponderRouterDemo;
			sourceTree = "<group>";
		};
		21E59FC021339DF300B27F5C /* UIResponderRouterDemoTests */ = {
			isa = PBXGroup;
			children = (
				21E59FC121339DF300B27F5C /* UIResponderRouterDemoTests.m */,
				21E59FC321339DF300B27F5C /* Info.plist */,
			);
			path = UIResponderRouterDemoTests;
			sourceTree = "<group>";
		};
		21E59FCB21339DF300B27F5C /* UIResponderRouterDemoUITests */ = {
			isa = PBXGroup;
			children = (
				21E59FCC21339DF300B27F5C /* UIResponderRouterDemoUITests.m */,
				21E59FCE21339DF300B27F5C /* Info.plist */,
			);
			path = UIResponderRouterDemoUITests;
			sourceTree = "<group>";
		};
		22E06B5D91592C7390437FD9 /* Frameworks */ = {
			isa = PBXGroup;
			children = (
				2EC46546E93029A169D8DCF4 /* libPods-UIResponderRouterDemo.a */,
				62E47B9E1B299E45072FCA79 /* libPods-UIResponderRouterDemoTests.a */,
				BBA69E7D9A8EFA76A884182A /* libPods-UIResponderRouterDemoUITests.a */,
			);
			name = Frameworks;
			sourceTree = "<group>";
		};
		93BE13F02D96BC10329B7CA3 /* Pods */ = {
			isa = PBXGroup;
			children = (
				C25932D9C31CE11CA135DC58 /* Pods-UIResponderRouterDemo.debug.xcconfig */,
				AD996F730FF752BFB873F71C /* Pods-UIResponderRouterDemo.release.xcconfig */,
				6C71559EE47F05A08C1DCAAA /* Pods-UIResponderRouterDemoTests.debug.xcconfig */,
				81B62C47A64D5ABE7B081B0D /* Pods-UIResponderRouterDemoTests.release.xcconfig */,
				94041CD5BC89E19E6E8674FB /* Pods-UIResponderRouterDemoUITests.debug.xcconfig */,
				2767EBACDB68ACE1C6FAF2BA /* Pods-UIResponderRouterDemoUITests.release.xcconfig */,
			);
			name = Pods;
			sourceTree = "<group>";
		};
/* End PBXGroup section */

/* Begin PBXNativeTarget section */
		21E59FA121339DF100B27F5C /* UIResponderRouterDemo */ = {
			isa = PBXNativeTarget;
			buildConfigurationList = 21E59FD121339DF300B27F5C /* Build configuration list for PBXNativeTarget "UIResponderRouterDemo" */;
			buildPhases = (
				F7F18C0B20CFD2CAFE1E11D2 /* [CP] Check Pods Manifest.lock */,
				21E59F9E21339DF100B27F5C /* Sources */,
				21E59F9F21339DF100B27F5C /* Frameworks */,
				21E59FA021339DF100B27F5C /* Resources */,
				EBFD991E892D1C6817121668 /* [CP] Copy Pods Resources */,
			);
			buildRules = (
			);
			dependencies = (
			);
			name = UIResponderRouterDemo;
			productName = UIResponderRouterDemo;
			productReference = 21E59FA221339DF100B27F5C /* UIResponderRouterDemo.app */;
			productType = "com.apple.product-type.application";
		};
		21E59FBC21339DF300B27F5C /* UIResponderRouterDemoTests */ = {
			isa = PBXNativeTarget;
			buildConfigurationList = 21E59FD421339DF300B27F5C /* Build configuration list for PBXNativeTarget "UIResponderRouterDemoTests" */;
			buildPhases = (
				85E51360B38426470DB49017 /* [CP] Check Pods Manifest.lock */,
				21E59FB921339DF300B27F5C /* Sources */,
				21E59FBA21339DF300B27F5C /* Frameworks */,
				21E59FBB21339DF300B27F5C /* Resources */,
			);
			buildRules = (
			);
			dependencies = (
				21E59FBF21339DF300B27F5C /* PBXTargetDependency */,
			);
			name = UIResponderRouterDemoTests;
			productName = UIResponderRouterDemoTests;
			productReference = 21E59FBD21339DF300B27F5C /* UIResponderRouterDemoTests.xctest */;
			productType = "com.apple.product-type.bundle.unit-test";
		};
		21E59FC721339DF300B27F5C /* UIResponderRouterDemoUITests */ = {
			isa = PBXNativeTarget;
			buildConfigurationList = 21E59FD721339DF300B27F5C /* Build configuration list for PBXNativeTarget "UIResponderRouterDemoUITests" */;
			buildPhases = (
				690C69ED33DA47B91FDD4D6E /* [CP] Check Pods Manifest.lock */,
				21E59FC421339DF300B27F5C /* Sources */,
				21E59FC521339DF300B27F5C /* Frameworks */,
				21E59FC621339DF300B27F5C /* Resources */,
			);
			buildRules = (
			);
			dependencies = (
				21E59FCA21339DF300B27F5C /* PBXTargetDependency */,
			);
			name = UIResponderRouterDemoUITests;
			productName = UIResponderRouterDemoUITests;
			productReference = 21E59FC821339DF300B27F5C /* UIResponderRouterDemoUITests.xctest */;
			productType = "com.apple.product-type.bundle.ui-testing";
		};
/* End PBXNativeTarget section */

/* Begin PBXProject section */
		21E59F9A21339DF100B27F5C /* Project object */ = {
			isa = PBXProject;
			attributes = {
				LastUpgradeCheck = 0940;
				ORGANIZATIONNAME = riceFun;
				TargetAttributes = {
					21E59FA121339DF100B27F5C = {
						CreatedOnToolsVersion = 9.4.1;
					};
					21E59FBC21339DF300B27F5C = {
						CreatedOnToolsVersion = 9.4.1;
						TestTargetID = 21E59FA121339DF100B27F5C;
					};
					21E59FC721339DF300B27F5C = {
						CreatedOnToolsVersion = 9.4.1;
						TestTargetID = 21E59FA121339DF100B27F5C;
					};
				};
			};
			buildConfigurationList = 21E59F9D21339DF100B27F5C /* Build configuration list for PBXProject "UIResponderRouterDemo" */;
			compatibilityVersion = "Xcode 9.3";
			developmentRegion = en;
			hasScannedForEncodings = 0;
			knownRegions = (
				en,
				Base,
			);
			mainGroup = 21E59F9921339DF100B27F5C;
			productRefGroup = 21E59FA321339DF100B27F5C /* Products */;
			projectDirPath = "";
			projectRoot = "";
			targets = (
				21E59FA121339DF100B27F5C /* UIResponderRouterDemo */,
				21E59FBC21339DF300B27F5C /* UIResponderRouterDemoTests */,
				21E59FC721339DF300B27F5C /* UIResponderRouterDemoUITests */,
			);
		};
/* End PBXProject section */

/* Begin PBXResourcesBuildPhase section */
		21E59FA021339DF100B27F5C /* Resources */ = {
			isa = PBXResourcesBuildPhase;
			buildActionMask = 2147483647;
			files = (
				21E59FB521339DF300B27F5C /* LaunchScreen.storyboard in Resources */,
				21E59FB221339DF300B27F5C /* Assets.xcassets in Resources */,
				21E59FAD21339DF100B27F5C /* Main.storyboard in Resources */,
			);
			runOnlyForDeploymentPostprocessing = 0;
		};
		21E59FBB21339DF300B27F5C /* Resources */ = {
			isa = PBXResourcesBuildPhase;
			buildActionMask = 2147483647;
			files = (
			);
			runOnlyForDeploymentPostprocessing = 0;
		};
		21E59FC621339DF300B27F5C /* Resources */ = {
			isa = PBXResourcesBuildPhase;
			buildActionMask = 2147483647;
			files = (
			);
			runOnlyForDeploymentPostprocessing = 0;
		};
/* End PBXResourcesBuildPhase section */

/* Begin PBXShellScriptBuildPhase section */
		690C69ED33DA47B91FDD4D6E /* [CP] Check Pods Manifest.lock */ = {
			isa = PBXShellScriptBuildPhase;
			buildActionMask = 2147483647;
			files = (
			);
			inputPaths = (
				"${PODS_PODFILE_DIR_PATH}/Podfile.lock",
				"${PODS_ROOT}/Manifest.lock",
			);
			name = "[CP] Check Pods Manifest.lock";
			outputPaths = (
				"$(DERIVED_FILE_DIR)/Pods-UIResponderRouterDemoUITests-checkManifestLockResult.txt",
			);
			runOnlyForDeploymentPostprocessing = 0;
			shellPath = /bin/sh;
			shellScript = "diff \"${PODS_PODFILE_DIR_PATH}/Podfile.lock\" \"${PODS_ROOT}/Manifest.lock\" > /dev/null\nif [ $? != 0 ] ; then\n    # print error to STDERR\n    echo \"error: The sandbox is not in sync with the Podfile.lock. Run 'pod install' or update your CocoaPods installation.\" >&2\n    exit 1\nfi\n# This output is used by Xcode 'outputs' to avoid re-running this script phase.\necho \"SUCCESS\" > \"${SCRIPT_OUTPUT_FILE_0}\"\n";
			showEnvVarsInLog = 0;
		};
		85E51360B38426470DB49017 /* [CP] Check Pods Manifest.lock */ = {
			isa = PBXShellScriptBuildPhase;
			buildActionMask = 2147483647;
			files = (
			);
			inputPaths = (
				"${PODS_PODFILE_DIR_PATH}/Podfile.lock",
				"${PODS_ROOT}/Manifest.lock",
			);
			name = "[CP] Check Pods Manifest.lock";
			outputPaths = (
				"$(DERIVED_FILE_DIR)/Pods-UIResponderRouterDemoTests-checkManifestLockResult.txt",
			);
			runOnlyForDeploymentPostprocessing = 0;
			shellPath = /bin/sh;
			shellScript = "diff \"${PODS_PODFILE_DIR_PATH}/Podfile.lock\" \"${PODS_ROOT}/Manifest.lock\" > /dev/null\nif [ $? != 0 ] ; then\n    # print error to STDERR\n    echo \"error: The sandbox is not in sync with the Podfile.lock. Run 'pod install' or update your CocoaPods installation.\" >&2\n    exit 1\nfi\n# This output is used by Xcode 'outputs' to avoid re-running this script phase.\necho \"SUCCESS\" > \"${SCRIPT_OUTPUT_FILE_0}\"\n";
			showEnvVarsInLog = 0;
		};
		EBFD991E892D1C6817121668 /* [CP] Copy Pods Resources */ = {
			isa = PBXShellScriptBuildPhase;
			buildActionMask = 2147483647;
			files = (
			);
			inputPaths = (
				"${SRCROOT}/Pods/Target Support Files/Pods-UIResponderRouterDemo/Pods-UIResponderRouterDemo-resources.sh",
				"${PODS_ROOT}/SVProgressHUD/SVProgressHUD/SVProgressHUD.bundle",
			);
			name = "[CP] Copy Pods Resources";
			outputPaths = (
				"${TARGET_BUILD_DIR}/${UNLOCALIZED_RESOURCES_FOLDER_PATH}/SVProgressHUD.bundle",
			);
			runOnlyForDeploymentPostprocessing = 0;
			shellPath = /bin/sh;
			shellScript = "\"${SRCROOT}/Pods/Target Support Files/Pods-UIResponderRouterDemo/Pods-UIResponderRouterDemo-resources.sh\"\n";
			showEnvVarsInLog = 0;
		};
		F7F18C0B20CFD2CAFE1E11D2 /* [CP] Check Pods Manifest.lock */ = {
			isa = PBXShellScriptBuildPhase;
			buildActionMask = 2147483647;
			files = (
			);
			inputPaths = (
				"${PODS_PODFILE_DIR_PATH}/Podfile.lock",
				"${PODS_ROOT}/Manifest.lock",
			);
			name = "[CP] Check Pods Manifest.lock";
			outputPaths = (
				"$(DERIVED_FILE_DIR)/Pods-UIResponderRouterDemo-checkManifestLockResult.txt",
			);
			runOnlyForDeploymentPostprocessing = 0;
			shellPath = /bin/sh;
			shellScript = "diff \"${PODS_PODFILE_DIR_PATH}/Podfile.lock\" \"${PODS_ROOT}/Manifest.lock\" > /dev/null\nif [ $? != 0 ] ; then\n    # print error to STDERR\n    echo \"error: The sandbox is not in sync with the Podfile.lock. Run 'pod install' or update your CocoaPods installation.\" >&2\n    exit 1\nfi\n# This output is used by Xcode 'outputs' to avoid re-running this script phase.\necho \"SUCCESS\" > \"${SCRIPT_OUTPUT_FILE_0}\"\n";
			showEnvVarsInLog = 0;
		};
/* End PBXShellScriptBuildPhase section */

/* Begin PBXSourcesBuildPhase section */
		21E59F9E21339DF100B27F5C /* Sources */ = {
			isa = PBXSourcesBuildPhase;
			buildActionMask = 2147483647;
			files = (
				216DD1AE21E37673006D6207 /* CustomButtonViewController.m in Sources */,
				216D782E21E6189300537A5B /* NetWork.m in Sources */,
				216D783421E61A7E00537A5B /* LikeCellPresent.m in Sources */,
				216DD1AB21E37630006D6207 /* CustomButton.m in Sources */,
				21E59FDF21339ED300B27F5C /* RFResponderCell.m in Sources */,
				216DD1A621E34B07006D6207 /* RFEventView.m in Sources */,
				216DD1CE21E58372006D6207 /* ResponderChainUEViewController.m in Sources */,
				216D783121E61A4400537A5B /* LikeModel.m in Sources */,
				21E59FAA21339DF100B27F5C /* ViewController.m in Sources */,
				216DD1A221E3479F006D6207 /* ViewControllerA.m in Sources */,
				216DD1C321E47038006D6207 /* RFLabel.m in Sources */,
				216DD1B521E42F22006D6207 /* RFViewA.m in Sources */,
				216D782B21E6130B00537A5B /* RFResponderCell2.m in Sources */,
				21E59FF02133E30200B27F5C /* RFHeaderView.m in Sources */,
				21E59FDC21339E2A00B27F5C /* UIResponder+Router.m in Sources */,
				216DD1B821E42F3A006D6207 /* RFViewB.m in Sources */,
				216DD1B221E42F0F006D6207 /* TwoViewViewController.m in Sources */,
				21E59FB021339DF100B27F5C /* UIResponderRouterDemo.xcdatamodeld in Sources */,
				21E59FE62133A3F300B27F5C /* RFEventProxy.m in Sources */,
				216DD1C021E4700D006D6207 /* RFNORespondeStatusViewController.m in Sources */,
				21E59FED2133CF2300B27F5C /* ResponderChainName.m in Sources */,
				21E59FB821339DF300B27F5C /* main.m in Sources */,
				21E59FA721339DF100B27F5C /* AppDelegate.m in Sources */,
			);
			runOnlyForDeploymentPostprocessing = 0;
		};
		21E59FB921339DF300B27F5C /* Sources */ = {
			isa = PBXSourcesBuildPhase;
			buildActionMask = 2147483647;
			files = (
				21E59FC221339DF300B27F5C /* UIResponderRouterDemoTests.m in Sources */,
			);
			runOnlyForDeploymentPostprocessing = 0;
		};
		21E59FC421339DF300B27F5C /* Sources */ = {
			isa = PBXSourcesBuildPhase;
			buildActionMask = 2147483647;
			files = (
				21E59FCD21339DF300B27F5C /* UIResponderRouterDemoUITests.m in Sources */,
			);
			runOnlyForDeploymentPostprocessing = 0;
		};
/* End PBXSourcesBuildPhase section */

/* Begin PBXTargetDependency section */
		21E59FBF21339DF300B27F5C /* PBXTargetDependency */ = {
			isa = PBXTargetDependency;
			target = 21E59FA121339DF100B27F5C /* UIResponderRouterDemo */;
			targetProxy = 21E59FBE21339DF300B27F5C /* PBXContainerItemProxy */;
		};
		21E59FCA21339DF300B27F5C /* PBXTargetDependency */ = {
			isa = PBXTargetDependency;
			target = 21E59FA121339DF100B27F5C /* UIResponderRouterDemo */;
			targetProxy = 21E59FC921339DF300B27F5C /* PBXContainerItemProxy */;
		};
/* End PBXTargetDependency section */

/* Begin PBXVariantGroup section */
		21E59FAB21339DF100B27F5C /* Main.storyboard */ = {
			isa = PBXVariantGroup;
			children = (
				21E59FAC21339DF100B27F5C /* Base */,
			);
			name = Main.storyboard;
			sourceTree = "<group>";
		};
		21E59FB321339DF300B27F5C /* LaunchScreen.storyboard */ = {
			isa = PBXVariantGroup;
			children = (
				21E59FB421339DF300B27F5C /* Base */,
			);
			name = LaunchScreen.storyboard;
			sourceTree = "<group>";
		};
/* End PBXVariantGroup section */

/* Begin XCBuildConfiguration section */
		21E59FCF21339DF300B27F5C /* Debug */ = {
			isa = XCBuildConfiguration;
			buildSettings = {
				ALWAYS_SEARCH_USER_PATHS = NO;
				CLANG_ANALYZER_NONNULL = YES;
				CLANG_ANALYZER_NUMBER_OBJECT_CONVERSION = YES_AGGRESSIVE;
				CLANG_CXX_LANGUAGE_STANDARD = "gnu++14";
				CLANG_CXX_LIBRARY = "libc++";
				CLANG_ENABLE_MODULES = YES;
				CLANG_ENABLE_OBJC_ARC = YES;
				CLANG_ENABLE_OBJC_WEAK = YES;
				CLANG_WARN_BLOCK_CAPTURE_AUTORELEASING = YES;
				CLANG_WARN_BOOL_CONVERSION = YES;
				CLANG_WARN_COMMA = YES;
				CLANG_WARN_CONSTANT_CONVERSION = YES;
				CLANG_WARN_DEPRECATED_OBJC_IMPLEMENTATIONS = YES;
				CLANG_WARN_DIRECT_OBJC_ISA_USAGE = YES_ERROR;
				CLANG_WARN_DOCUMENTATION_COMMENTS = YES;
				CLANG_WARN_EMPTY_BODY = YES;
				CLANG_WARN_ENUM_CONVERSION = YES;
				CLANG_WARN_INFINITE_RECURSION = YES;
				CLANG_WARN_INT_CONVERSION = YES;
				CLANG_WARN_NON_LITERAL_NULL_CONVERSION = YES;
				CLANG_WARN_OBJC_IMPLICIT_RETAIN_SELF = YES;
				CLANG_WARN_OBJC_LITERAL_CONVERSION = YES;
				CLANG_WARN_OBJC_ROOT_CLASS = YES_ERROR;
				CLANG_WARN_RANGE_LOOP_ANALYSIS = YES;
				CLANG_WARN_STRICT_PROTOTYPES = YES;
				CLANG_WARN_SUSPICIOUS_MOVE = YES;
				CLANG_WARN_UNGUARDED_AVAILABILITY = YES_AGGRESSIVE;
				CLANG_WARN_UNREACHABLE_CODE = YES;
				CLANG_WARN__DUPLICATE_METHOD_MATCH = YES;
				CODE_SIGN_IDENTITY = "iPhone Developer";
				COPY_PHASE_STRIP = NO;
				DEBUG_INFORMATION_FORMAT = dwarf;
				ENABLE_STRICT_OBJC_MSGSEND = YES;
				ENABLE_TESTABILITY = YES;
				GCC_C_LANGUAGE_STANDARD = gnu11;
				GCC_DYNAMIC_NO_PIC = NO;
				GCC_NO_COMMON_BLOCKS = YES;
				GCC_OPTIMIZATION_LEVEL = 0;
				GCC_PREPROCESSOR_DEFINITIONS = (
					"DEBUG=1",
					"$(inherited)",
				);
				GCC_WARN_64_TO_32_BIT_CONVERSION = YES;
				GCC_WARN_ABOUT_RETURN_TYPE = YES_ERROR;
				GCC_WARN_UNDECLARED_SELECTOR = YES;
				GCC_WARN_UNINITIALIZED_AUTOS = YES_AGGRESSIVE;
				GCC_WARN_UNUSED_FUNCTION = YES;
				GCC_WARN_UNUSED_VARIABLE = YES;
				IPHONEOS_DEPLOYMENT_TARGET = 11.4;
				MTL_ENABLE_DEBUG_INFO = YES;
				ONLY_ACTIVE_ARCH = YES;
				SDKROOT = iphoneos;
			};
			name = Debug;
		};
		21E59FD021339DF300B27F5C /* Release */ = {
			isa = XCBuildConfiguration;
			buildSettings = {
				ALWAYS_SEARCH_USER_PATHS = NO;
				CLANG_ANALYZER_NONNULL = YES;
				CLANG_ANALYZER_NUMBER_OBJECT_CONVERSION = YES_AGGRESSIVE;
				CLANG_CXX_LANGUAGE_STANDARD = "gnu++14";
				CLANG_CXX_LIBRARY = "libc++";
				CLANG_ENABLE_MODULES = YES;
				CLANG_ENABLE_OBJC_ARC = YES;
				CLANG_ENABLE_OBJC_WEAK = YES;
				CLANG_WARN_BLOCK_CAPTURE_AUTORELEASING = YES;
				CLANG_WARN_BOOL_CONVERSION = YES;
				CLANG_WARN_COMMA = YES;
				CLANG_WARN_CONSTANT_CONVERSION = YES;
				CLANG_WARN_DEPRECATED_OBJC_IMPLEMENTATIONS = YES;
				CLANG_WARN_DIRECT_OBJC_ISA_USAGE = YES_ERROR;
				CLANG_WARN_DOCUMENTATION_COMMENTS = YES;
				CLANG_WARN_EMPTY_BODY = YES;
				CLANG_WARN_ENUM_CONVERSION = YES;
				CLANG_WARN_INFINITE_RECURSION = YES;
				CLANG_WARN_INT_CONVERSION = YES;
				CLANG_WARN_NON_LITERAL_NULL_CONVERSION = YES;
				CLANG_WARN_OBJC_IMPLICIT_RETAIN_SELF = YES;
				CLANG_WARN_OBJC_LITERAL_CONVERSION = YES;
				CLANG_WARN_OBJC_ROOT_CLASS = YES_ERROR;
				CLANG_WARN_RANGE_LOOP_ANALYSIS = YES;
				CLANG_WARN_STRICT_PROTOTYPES = YES;
				CLANG_WARN_SUSPICIOUS_MOVE = YES;
				CLANG_WARN_UNGUARDED_AVAILABILITY = YES_AGGRESSIVE;
				CLANG_WARN_UNREACHABLE_CODE = YES;
				CLANG_WARN__DUPLICATE_METHOD_MATCH = YES;
				CODE_SIGN_IDENTITY = "iPhone Developer";
				COPY_PHASE_STRIP = NO;
				DEBUG_INFORMATION_FORMAT = "dwarf-with-dsym";
				ENABLE_NS_ASSERTIONS = NO;
				ENABLE_STRICT_OBJC_MSGSEND = YES;
				GCC_C_LANGUAGE_STANDARD = gnu11;
				GCC_NO_COMMON_BLOCKS = YES;
				GCC_WARN_64_TO_32_BIT_CONVERSION = YES;
				GCC_WARN_ABOUT_RETURN_TYPE = YES_ERROR;
				GCC_WARN_UNDECLARED_SELECTOR = YES;
				GCC_WARN_UNINITIALIZED_AUTOS = YES_AGGRESSIVE;
				GCC_WARN_UNUSED_FUNCTION = YES;
				GCC_WARN_UNUSED_VARIABLE = YES;
				IPHONEOS_DEPLOYMENT_TARGET = 11.4;
				MTL_ENABLE_DEBUG_INFO = NO;
				SDKROOT = iphoneos;
				VALIDATE_PRODUCT = YES;
			};
			name = Release;
		};
		21E59FD221339DF300B27F5C /* Debug */ = {
			isa = XCBuildConfiguration;
			baseConfigurationReference = C25932D9C31CE11CA135DC58 /* Pods-UIResponderRouterDemo.debug.xcconfig */;
			buildSettings = {
				ASSETCATALOG_COMPILER_APPICON_NAME = AppIcon;
				CODE_SIGN_STYLE = Automatic;
				DEVELOPMENT_TEAM = TM6D7482ZM;
				INFOPLIST_FILE = UIResponderRouterDemo/Info.plist;
				LD_RUNPATH_SEARCH_PATHS = "$(inherited) @executable_path/Frameworks";
				PRODUCT_BUNDLE_IDENTIFIER = "riceFun.RFMVC-MVP-MVVM";
				PRODUCT_NAME = "$(TARGET_NAME)";
				TARGETED_DEVICE_FAMILY = "1,2";
			};
			name = Debug;
		};
		21E59FD321339DF300B27F5C /* Release */ = {
			isa = XCBuildConfiguration;
			baseConfigurationReference = AD996F730FF752BFB873F71C /* Pods-UIResponderRouterDemo.release.xcconfig */;
			buildSettings = {
				ASSETCATALOG_COMPILER_APPICON_NAME = AppIcon;
				CODE_SIGN_STYLE = Automatic;
				DEVELOPMENT_TEAM = TM6D7482ZM;
				INFOPLIST_FILE = UIResponderRouterDemo/Info.plist;
				LD_RUNPATH_SEARCH_PATHS = "$(inherited) @executable_path/Frameworks";
				PRODUCT_BUNDLE_IDENTIFIER = "riceFun.RFMVC-MVP-MVVM";
				PRODUCT_NAME = "$(TARGET_NAME)";
				TARGETED_DEVICE_FAMILY = "1,2";
			};
			name = Release;
		};
		21E59FD521339DF300B27F5C /* Debug */ = {
			isa = XCBuildConfiguration;
			baseConfigurationReference = 6C71559EE47F05A08C1DCAAA /* Pods-UIResponderRouterDemoTests.debug.xcconfig */;
			buildSettings = {
				BUNDLE_LOADER = "$(TEST_HOST)";
				CODE_SIGN_STYLE = Automatic;
				DEVELOPMENT_TEAM = TM6D7482ZM;
				INFOPLIST_FILE = UIResponderRouterDemoTests/Info.plist;
				LD_RUNPATH_SEARCH_PATHS = "$(inherited) @executable_path/Frameworks @loader_path/Frameworks";
				PRODUCT_BUNDLE_IDENTIFIER = riceFun.UIResponderRouterDemoTests;
				PRODUCT_NAME = "$(TARGET_NAME)";
				TARGETED_DEVICE_FAMILY = "1,2";
				TEST_HOST = "$(BUILT_PRODUCTS_DIR)/UIResponderRouterDemo.app/UIResponderRouterDemo";
			};
			name = Debug;
		};
		21E59FD621339DF300B27F5C /* Release */ = {
			isa = XCBuildConfiguration;
			baseConfigurationReference = 81B62C47A64D5ABE7B081B0D /* Pods-UIResponderRouterDemoTests.release.xcconfig */;
			buildSettings = {
				BUNDLE_LOADER = "$(TEST_HOST)";
				CODE_SIGN_STYLE = Automatic;
				DEVELOPMENT_TEAM = TM6D7482ZM;
				INFOPLIST_FILE = UIResponderRouterDemoTests/Info.plist;
				LD_RUNPATH_SEARCH_PATHS = "$(inherited) @executable_path/Frameworks @loader_path/Frameworks";
				PRODUCT_BUNDLE_IDENTIFIER = riceFun.UIResponderRouterDemoTests;
				PRODUCT_NAME = "$(TARGET_NAME)";
				TARGETED_DEVICE_FAMILY = "1,2";
				TEST_HOST = "$(BUILT_PRODUCTS_DIR)/UIResponderRouterDemo.app/UIResponderRouterDemo";
			};
			name = Release;
		};
		21E59FD821339DF300B27F5C /* Debug */ = {
			isa = XCBuildConfiguration;
			baseConfigurationReference = 94041CD5BC89E19E6E8674FB /* Pods-UIResponderRouterDemoUITests.debug.xcconfig */;
			buildSettings = {
				CODE_SIGN_STYLE = Automatic;
				DEVELOPMENT_TEAM = TM6D7482ZM;
				INFOPLIST_FILE = UIResponderRouterDemoUITests/Info.plist;
				LD_RUNPATH_SEARCH_PATHS = "$(inherited) @executable_path/Frameworks @loader_path/Frameworks";
				PRODUCT_BUNDLE_IDENTIFIER = riceFun.UIResponderRouterDemoUITests;
				PRODUCT_NAME = "$(TARGET_NAME)";
				TARGETED_DEVICE_FAMILY = "1,2";
				TEST_TARGET_NAME = UIResponderRouterDemo;
			};
			name = Debug;
		};
		21E59FD921339DF300B27F5C /* Release */ = {
			isa = XCBuildConfiguration;
			baseConfigurationReference = 2767EBACDB68ACE1C6FAF2BA /* Pods-UIResponderRouterDemoUITests.release.xcconfig */;
			buildSettings = {
				CODE_SIGN_STYLE = Automatic;
				DEVELOPMENT_TEAM = TM6D7482ZM;
				INFOPLIST_FILE = UIResponderRouterDemoUITests/Info.plist;
				LD_RUNPATH_SEARCH_PATHS = "$(inherited) @executable_path/Frameworks @loader_path/Frameworks";
				PRODUCT_BUNDLE_IDENTIFIER = riceFun.UIResponderRouterDemoUITests;
				PRODUCT_NAME = "$(TARGET_NAME)";
				TARGETED_DEVICE_FAMILY = "1,2";
				TEST_TARGET_NAME = UIResponderRouterDemo;
			};
			name = Release;
		};
/* End XCBuildConfiguration section */

/* Begin XCConfigurationList section */
		21E59F9D21339DF100B27F5C /* Build configuration list for PBXProject "UIResponderRouterDemo" */ = {
			isa = XCConfigurationList;
			buildConfigurations = (
				21E59FCF21339DF300B27F5C /* Debug */,
				21E59FD021339DF300B27F5C /* Release */,
			);
			defaultConfigurationIsVisible = 0;
			defaultConfigurationName = Release;
		};
		21E59FD121339DF300B27F5C /* Build configuration list for PBXNativeTarget "UIResponderRouterDemo" */ = {
			isa = XCConfigurationList;
			buildConfigurations = (
				21E59FD221339DF300B27F5C /* Debug */,
				21E59FD321339DF300B27F5C /* Release */,
			);
			defaultConfigurationIsVisible = 0;
			defaultConfigurationName = Release;
		};
		21E59FD421339DF300B27F5C /* Build configuration list for PBXNativeTarget "UIResponderRouterDemoTests" */ = {
			isa = XCConfigurationList;
			buildConfigurations = (
				21E59FD521339DF300B27F5C /* Debug */,
				21E59FD621339DF300B27F5C /* Release */,
			);
			defaultConfigurationIsVisible = 0;
			defaultConfigurationName = Release;
		};
		21E59FD721339DF300B27F5C /* Build configuration list for PBXNativeTarget "UIResponderRouterDemoUITests" */ = {
			isa = XCConfigurationList;
			buildConfigurations = (
				21E59FD821339DF300B27F5C /* Debug */,
				21E59FD921339DF300B27F5C /* Release */,
			);
			defaultConfigurationIsVisible = 0;
			defaultConfigurationName = Release;
		};
/* End XCConfigurationList section */

/* Begin XCVersionGroup section */
		21E59FAE21339DF100B27F5C /* UIResponderRouterDemo.xcdatamodeld */ = {
			isa = XCVersionGroup;
			children = (
				21E59FAF21339DF100B27F5C /* UIResponderRouterDemo.xcdatamodel */,
			);
			currentVersion = 21E59FAF21339DF100B27F5C /* UIResponderRouterDemo.xcdatamodel */;
			path = UIResponderRouterDemo.xcdatamodeld;
			sourceTree = "<group>";
			versionGroupType = wrapper.xcdatamodel;
		};
/* End XCVersionGroup section */
	};
	rootObject = 21E59F9A21339DF100B27F5C /* Project object */;
}
